
Microsoft Visual Studio Solution File, Format Version 12.00
# Visual Studio 15
VisualStudioVersion = 15.0.28010.2026
MinimumVisualStudioVersion = 10.0.40219.1
Project("{FAE04EC0-301F-11D3-BF4B-00C04F79EFBC}") = "SumDigits", "SumDigits\SumDigits.csproj", "{F1010FF5-264A-4D4E-A156-06E0D87AC492}"
EndProject
Project("{FAE04EC0-301F-11D3-BF4B-00C04F79EFBC}") = "CharsToString", "CharsToString\CharsToString.csproj", "{C9487EE8-7517-46F1-ADEE-37552230361C}"
EndProject
Project("{FAE04EC0-301F-11D3-BF4B-00C04F79EFBC}") = "TownInfo", "TownInfo\TownInfo.csproj", "{FE7EB471-B553-4041-B3DE-ADD7ACF8D6F0}"
EndProject
Project("{FAE04EC0-301F-11D3-BF4B-00C04F79EFBC}") = "ConvertMetersToKilometers", "ConvertMetersToKilometers\ConvertMetersToKilometers.csproj", "{A179AEA3-755E-43D5-B79A-9EBDB4A34C31}"
EndProject
Project("{FAE04EC0-301F-11D3-BF4B-00C04F79EFBC}") = "DollarsToPounds", "DollarsToPounds\DollarsToPounds.csproj", "{D3E16818-3124-4265-8847-E98B7E0C1E40}"
EndProject
Project("{FAE04EC0-301F-11D3-BF4B-00C04F79EFBC}") = "ReversedChars", "ReversedChars\ReversedChars.csproj", "{52D36F8A-7278-4183-908B-3FF35E7AA0BF}"
EndProject
Project("{FAE04EC0-301F-11D3-BF4B-00C04F79EFBC}") = "LowerOrUpper", "LowerOrUpper\LowerOrUpper.csproj", "{A9A64C45-AFB0-4850-92AB-375A338E03BA}"
EndProject
Project("{FAE04EC0-301F-11D3-BF4B-00C04F79EFBC}") = "Snowballs", "Snowballs\Snowballs.csproj", "{53C0EBF9-123A-42EB-865D-D3455FA669E8}"
EndProject
Project("{FAE04EC0-301F-11D3-BF4B-00C04F79EFBC}") = "Pokemon", "Pokemon\Pokemon.csproj", "{46A49B3C-99DC-406D-982B-D291044C9D12}"
EndProject
Global
	GlobalSection(SolutionConfigurationPlatforms) = preSolution
		Debug|Any CPU = Debug|Any CPU
		Release|Any CPU = Release|Any CPU
	EndGlobalSection
	GlobalSection(ProjectConfigurationPlatforms) = postSolution
		{F1010FF5-264A-4D4E-A156-06E0D87AC492}.Debug|Any CPU.ActiveCfg = Debug|Any CPU
		{F1010FF5-264A-4D4E-A156-06E0D87AC492}.Debug|Any CPU.Build.0 = Debug|Any CPU
		{F1010FF5-264A-4D4E-A156-06E0D87AC492}.Release|Any CPU.ActiveCfg = Release|Any CPU
		{F1010FF5-264A-4D4E-A156-06E0D87AC492}.Release|Any CPU.Build.0 = Release|Any CPU
		{C9487EE8-7517-46F1-ADEE-37552230361C}.Debug|Any CPU.ActiveCfg = Debug|Any CPU
		{C9487EE8-7517-46F1-ADEE-37552230361C}.Debug|Any CPU.Build.0 = Debug|Any CPU
		{C9487EE8-7517-46F1-ADEE-37552230361C}.Release|Any CPU.ActiveCfg = Release|Any CPU
		{C9487EE8-7517-46F1-ADEE-37552230361C}.Release|Any CPU.Build.0 = Release|Any CPU
		{FE7EB471-B553-4041-B3DE-ADD7ACF8D6F0}.Debug|Any CPU.ActiveCfg = Debug|Any CPU
		{FE7EB471-B553-4041-B3DE-ADD7ACF8D6F0}.Debug|Any CPU.Build.0 = Debug|Any CPU
		{FE7EB471-B553-4041-B3DE-ADD7ACF8D6F0}.Release|Any CPU.ActiveCfg = Release|Any CPU
		{FE7EB471-B553-4041-B3DE-ADD7ACF8D6F0}.Release|Any CPU.Build.0 = Release|Any CPU
		{A179AEA3-755E-43D5-B79A-9EBDB4A34C31}.Debug|Any CPU.ActiveCfg = Debug|Any CPU
		{A179AEA3-755E-43D5-B79A-9EBDB4A34C31}.Debug|Any CPU.Build.0 = Debug|Any CPU
		{A179AEA3-755E-43D5-B79A-9EBDB4A34C31}.Release|Any CPU.ActiveCfg = Release|Any CPU
		{A179AEA3-755E-43D5-B79A-9EBDB4A34C31}.Release|Any CPU.Build.0 = Release|Any CPU
		{D3E16818-3124-4265-8847-E98B7E0C1E40}.Debug|Any CPU.ActiveCfg = Debug|Any CPU
		{D3E16818-3124-4265-8847-E98B7E0C1E40}.Debug|Any CPU.Build.0 = Debug|Any CPU
		{D3E16818-3124-4265-8847-E98B7E0C1E40}.Release|Any CPU.ActiveCfg = Release|Any CPU
		{D3E16818-3124-4265-8847-E98B7E0C1E40}.Release|Any CPU.Build.0 = Release|Any CPU
		{52D36F8A-7278-4183-908B-3FF35E7AA0BF}.Debug|Any CPU.ActiveCfg = Debug|Any CPU
		{52D36F8A-7278-4183-908B-3FF35E7AA0BF}.Debug|Any CPU.Build.0 = Debug|Any CPU
		{52D36F8A-7278-4183-908B-3FF35E7AA0BF}.Release|Any CPU.ActiveCfg = Release|Any CPU
		{52D36F8A-7278-4183-908B-3FF35E7AA0BF}.Release|Any CPU.Build.0 = Release|Any CPU
		{A9A64C45-AFB0-4850-92AB-375A338E03BA}.Debug|Any CPU.ActiveCfg = Debug|Any CPU
		{A9A64C45-AFB0-4850-92AB-375A338E03BA}.Debug|Any CPU.Build.0 = Debug|Any CPU
		{A9A64C45-AFB0-4850-92AB-375A338E03BA}.Release|Any CPU.ActiveCfg = Release|Any CPU
		{A9A64C45-AFB0-4850-92AB-375A338E03BA}.Release|Any CPU.Build.0 = Release|Any CPU
		{53C0EBF9-123A-42EB-865D-D3455FA669E8}.Debug|Any CPU.ActiveCfg = Debug|Any CPU
		{53C0EBF9-123A-42EB-865D-D3455FA669E8}.Debug|Any CPU.Build.0 = Debug|Any CPU
		{53C0EBF9-123A-42EB-865D-D3455FA669E8}.Release|Any CPU.ActiveCfg = Release|Any CPU
		{53C0EBF9-123A-42EB-865D-D3455FA669E8}.Release|Any CPU.Build.0 = Release|Any CPU
		{46A49B3C-99DC-406D-982B-D291044C9D12}.Debug|Any CPU.ActiveCfg = Debug|Any CPU
		{46A49B3C-99DC-406D-982B-D291044C9D12}.Debug|Any CPU.Build.0 = Debug|Any CPU
		{46A49B3C-99DC-406D-982B-D291044C9D12}.Release|Any CPU.ActiveCfg = Release|Any CPU
		{46A49B3C-99DC-406D-982B-D291044C9D12}.Release|Any CPU.Build.0 = Release|Any CPU
	EndGlobalSection
	GlobalSection(SolutionProperties) = preSolution
		HideSolutionNode = FALSE
	EndGlobalSection
	GlobalSection(ExtensibilityGlobals) = postSolution
		SolutionGuid = {CF985D0D-FC74-4280-A668-E8074FDE1159}
	EndGlobalSection
EndGlobal
