
Microsoft Visual Studio Solution File, Format Version 12.00
# Visual Studio 15
VisualStudioVersion = 15.0.27703.2000
MinimumVisualStudioVersion = 10.0.40219.1
Project("{9A19103F-16F7-4668-BE54-9A1E7A4F7556}") = "DayOfWeek", "DayOfWeek\DayOfWeek.csproj", "{CFF92D33-1E14-494B-B941-8F96BB088B25}"
EndProject
Project("{9A19103F-16F7-4668-BE54-9A1E7A4F7556}") = "ReverseArrayOfIntegers", "ReverseArrayOfIntegers\ReverseArrayOfIntegers.csproj", "{92E9DA31-0B5C-4633-B45A-655B605DE6B3}"
EndProject
Project("{9A19103F-16F7-4668-BE54-9A1E7A4F7556}") = "LastKnumbersSums", "LastKnumbersSums\LastKnumbersSums.csproj", "{C925AF0E-E42F-4A93-9736-C734A2429A48}"
EndProject
Project("{9A19103F-16F7-4668-BE54-9A1E7A4F7556}") = "TripleSum", "TripleSum\TripleSum.csproj", "{2A71D75E-B774-4D86-AD78-6D2C700A7B80}"
EndProject
Project("{9A19103F-16F7-4668-BE54-9A1E7A4F7556}") = "RoundingNumbers", "RoundingNumbers\RoundingNumbers.csproj", "{0ABCC079-2356-4EE6-AF86-E7026E8451EF}"
EndProject
Project("{9A19103F-16F7-4668-BE54-9A1E7A4F7556}") = "ReverseArrayOfStrings", "ReverseArrayOfStrings\ReverseArrayOfStrings.csproj", "{37768D5F-09F7-43D9-92CE-544A738E368A}"
EndProject
Project("{9A19103F-16F7-4668-BE54-9A1E7A4F7556}") = "SumArrays", "SumArrays\SumArrays.csproj", "{17C75748-FB62-45AC-8510-62DC0D8D5BE1}"
EndProject
Project("{FAE04EC0-301F-11D3-BF4B-00C04F79EFBC}") = "CondenseArrayToNumber", "CondenseArrayToNumber\CondenseArrayToNumber.csproj", "{F2771C14-F427-473D-AEFE-A2BD6E676B25}"
EndProject
Project("{FAE04EC0-301F-11D3-BF4B-00C04F79EFBC}") = "ExtractMiddleElements", "ExtractMiddleElements\ExtractMiddleElements.csproj", "{AD7DDF16-258E-4559-9613-C93A86C8EEEE}"
EndProject
Global
	GlobalSection(SolutionConfigurationPlatforms) = preSolution
		Debug|Any CPU = Debug|Any CPU
		Release|Any CPU = Release|Any CPU
	EndGlobalSection
	GlobalSection(ProjectConfigurationPlatforms) = postSolution
		{CFF92D33-1E14-494B-B941-8F96BB088B25}.Debug|Any CPU.ActiveCfg = Debug|Any CPU
		{CFF92D33-1E14-494B-B941-8F96BB088B25}.Debug|Any CPU.Build.0 = Debug|Any CPU
		{CFF92D33-1E14-494B-B941-8F96BB088B25}.Release|Any CPU.ActiveCfg = Release|Any CPU
		{CFF92D33-1E14-494B-B941-8F96BB088B25}.Release|Any CPU.Build.0 = Release|Any CPU
		{92E9DA31-0B5C-4633-B45A-655B605DE6B3}.Debug|Any CPU.ActiveCfg = Debug|Any CPU
		{92E9DA31-0B5C-4633-B45A-655B605DE6B3}.Debug|Any CPU.Build.0 = Debug|Any CPU
		{92E9DA31-0B5C-4633-B45A-655B605DE6B3}.Release|Any CPU.ActiveCfg = Release|Any CPU
		{92E9DA31-0B5C-4633-B45A-655B605DE6B3}.Release|Any CPU.Build.0 = Release|Any CPU
		{C925AF0E-E42F-4A93-9736-C734A2429A48}.Debug|Any CPU.ActiveCfg = Debug|Any CPU
		{C925AF0E-E42F-4A93-9736-C734A2429A48}.Debug|Any CPU.Build.0 = Debug|Any CPU
		{C925AF0E-E42F-4A93-9736-C734A2429A48}.Release|Any CPU.ActiveCfg = Release|Any CPU
		{C925AF0E-E42F-4A93-9736-C734A2429A48}.Release|Any CPU.Build.0 = Release|Any CPU
		{2A71D75E-B774-4D86-AD78-6D2C700A7B80}.Debug|Any CPU.ActiveCfg = Debug|Any CPU
		{2A71D75E-B774-4D86-AD78-6D2C700A7B80}.Debug|Any CPU.Build.0 = Debug|Any CPU
		{2A71D75E-B774-4D86-AD78-6D2C700A7B80}.Release|Any CPU.ActiveCfg = Release|Any CPU
		{2A71D75E-B774-4D86-AD78-6D2C700A7B80}.Release|Any CPU.Build.0 = Release|Any CPU
		{0ABCC079-2356-4EE6-AF86-E7026E8451EF}.Debug|Any CPU.ActiveCfg = Debug|Any CPU
		{0ABCC079-2356-4EE6-AF86-E7026E8451EF}.Debug|Any CPU.Build.0 = Debug|Any CPU
		{0ABCC079-2356-4EE6-AF86-E7026E8451EF}.Release|Any CPU.ActiveCfg = Release|Any CPU
		{0ABCC079-2356-4EE6-AF86-E7026E8451EF}.Release|Any CPU.Build.0 = Release|Any CPU
		{37768D5F-09F7-43D9-92CE-544A738E368A}.Debug|Any CPU.ActiveCfg = Debug|Any CPU
		{37768D5F-09F7-43D9-92CE-544A738E368A}.Debug|Any CPU.Build.0 = Debug|Any CPU
		{37768D5F-09F7-43D9-92CE-544A738E368A}.Release|Any CPU.ActiveCfg = Release|Any CPU
		{37768D5F-09F7-43D9-92CE-544A738E368A}.Release|Any CPU.Build.0 = Release|Any CPU
		{17C75748-FB62-45AC-8510-62DC0D8D5BE1}.Debug|Any CPU.ActiveCfg = Debug|Any CPU
		{17C75748-FB62-45AC-8510-62DC0D8D5BE1}.Debug|Any CPU.Build.0 = Debug|Any CPU
		{17C75748-FB62-45AC-8510-62DC0D8D5BE1}.Release|Any CPU.ActiveCfg = Release|Any CPU
		{17C75748-FB62-45AC-8510-62DC0D8D5BE1}.Release|Any CPU.Build.0 = Release|Any CPU
		{F2771C14-F427-473D-AEFE-A2BD6E676B25}.Debug|Any CPU.ActiveCfg = Debug|Any CPU
		{F2771C14-F427-473D-AEFE-A2BD6E676B25}.Debug|Any CPU.Build.0 = Debug|Any CPU
		{F2771C14-F427-473D-AEFE-A2BD6E676B25}.Release|Any CPU.ActiveCfg = Release|Any CPU
		{F2771C14-F427-473D-AEFE-A2BD6E676B25}.Release|Any CPU.Build.0 = Release|Any CPU
		{AD7DDF16-258E-4559-9613-C93A86C8EEEE}.Debug|Any CPU.ActiveCfg = Debug|Any CPU
		{AD7DDF16-258E-4559-9613-C93A86C8EEEE}.Debug|Any CPU.Build.0 = Debug|Any CPU
		{AD7DDF16-258E-4559-9613-C93A86C8EEEE}.Release|Any CPU.ActiveCfg = Release|Any CPU
		{AD7DDF16-258E-4559-9613-C93A86C8EEEE}.Release|Any CPU.Build.0 = Release|Any CPU
	EndGlobalSection
	GlobalSection(SolutionProperties) = preSolution
		HideSolutionNode = FALSE
	EndGlobalSection
	GlobalSection(ExtensibilityGlobals) = postSolution
		SolutionGuid = {F38522B9-8181-4058-B408-87C4C9C1A5EC}
	EndGlobalSection
EndGlobal
